
Microsoft Visual Studio Solution File, Format Version 12.00
# Visual Studio 2015
Project("{FAE04EC0-301F-11D3-BF4B-00C04F79EFBC}") = "FitBoxIPD.CSharp", "FitBoxIPD.CSharp.csproj", "{D53ED363-7A88-F676-D9DE-C052C6C14A8D}"
EndProject
Project("{FAE04EC0-301F-11D3-BF4B-00C04F79EFBC}") = "FitBoxIPD.CSharp.Editor", "FitBoxIPD.CSharp.Editor.csproj", "{C9982AE8-433C-B99A-62AA-164CE3578D31}"
EndProject
Global
	GlobalSection(SolutionConfigurationPlatforms) = preSolution
		Debug|Any CPU = Debug|Any CPU
		Release|Any CPU = Release|Any CPU
	EndGlobalSection
	GlobalSection(ProjectConfigurationPlatforms) = postSolution
		{D53ED363-7A88-F676-D9DE-C052C6C14A8D}.Debug|Any CPU.ActiveCfg = Debug|Any CPU
		{D53ED363-7A88-F676-D9DE-C052C6C14A8D}.Debug|Any CPU.Build.0 = Debug|Any CPU
		{D53ED363-7A88-F676-D9DE-C052C6C14A8D}.Release|Any CPU.ActiveCfg = Release|Any CPU
		{D53ED363-7A88-F676-D9DE-C052C6C14A8D}.Release|Any CPU.Build.0 = Release|Any CPU
		{C9982AE8-433C-B99A-62AA-164CE3578D31}.Debug|Any CPU.ActiveCfg = Debug|Any CPU
		{C9982AE8-433C-B99A-62AA-164CE3578D31}.Debug|Any CPU.Build.0 = Debug|Any CPU
		{C9982AE8-433C-B99A-62AA-164CE3578D31}.Release|Any CPU.ActiveCfg = Release|Any CPU
		{C9982AE8-433C-B99A-62AA-164CE3578D31}.Release|Any CPU.Build.0 = Release|Any CPU
	EndGlobalSection
	GlobalSection(SolutionProperties) = preSolution
		HideSolutionNode = FALSE
	EndGlobalSection
EndGlobal
